// !$*UTF8*$!
{
	archiveVersion = 1;
	classes = {
	};
	objectVersion = 46;
	objects = {

/* Begin PBXBuildFile section */
		B51BE31314FB691A0088B523 /* Icon@2x.png in Resources */ = {isa = PBXBuildFile; fileRef = B51BE31214FB691A0088B523 /* Icon@2x.png */; };
		B56E5C291499B68700497824 /* DetailViewController.m in Sources */ = {isa = PBXBuildFile; fileRef = B56E5C281499B68700497824 /* DetailViewController.m */; };
		B56E5C2B1499B6B700497824 /* DetailView.xib in Resources */ = {isa = PBXBuildFile; fileRef = B56E5C2A1499B6B700497824 /* DetailView.xib */; };
		B572A2CD14FF746F007D8C95 /* bg.jpg in Resources */ = {isa = PBXBuildFile; fileRef = B572A2CC14FF746F007D8C95 /* bg.jpg */; };
		B57C1D4C150AC6360081E305 /* mwl.jpg in Resources */ = {isa = PBXBuildFile; fileRef = B57C1D4B150AC6360081E305 /* mwl.jpg */; };
		B58B94FC14A337580062509D /* MBProgressHUD.m in Sources */ = {isa = PBXBuildFile; fileRef = B58B94FB14A337580062509D /* MBProgressHUD.m */; settings = {COMPILER_FLAGS = "-fno-objc-arc"; }; };
		B58B951714A343740062509D /* ASIAuthenticationDialog.m in Sources */ = {isa = PBXBuildFile; fileRef = B58B950414A343730062509D /* ASIAuthenticationDialog.m */; settings = {COMPILER_FLAGS = "-fno-objc-arc"; }; };
		B58B951814A343740062509D /* ASIDataCompressor.m in Sources */ = {isa = PBXBuildFile; fileRef = B58B950714A343730062509D /* ASIDataCompressor.m */; settings = {COMPILER_FLAGS = "-fno-objc-arc"; }; };
		B58B951914A343740062509D /* ASIDataDecompressor.m in Sources */ = {isa = PBXBuildFile; fileRef = B58B950914A343740062509D /* ASIDataDecompressor.m */; settings = {COMPILER_FLAGS = "-fno-objc-arc"; }; };
		B58B951A14A343740062509D /* ASIDownloadCache.m in Sources */ = {isa = PBXBuildFile; fileRef = B58B950B14A343740062509D /* ASIDownloadCache.m */; settings = {COMPILER_FLAGS = "-fno-objc-arc"; }; };
		B58B951B14A343740062509D /* ASIFormDataRequest.m in Sources */ = {isa = PBXBuildFile; fileRef = B58B950D14A343740062509D /* ASIFormDataRequest.m */; settings = {COMPILER_FLAGS = "-fno-objc-arc"; }; };
		B58B951C14A343740062509D /* ASIHTTPRequest.m in Sources */ = {isa = PBXBuildFile; fileRef = B58B950F14A343740062509D /* ASIHTTPRequest.m */; settings = {COMPILER_FLAGS = "-fno-objc-arc"; }; };
		B58B951D14A343740062509D /* ASIInputStream.m in Sources */ = {isa = PBXBuildFile; fileRef = B58B951314A343740062509D /* ASIInputStream.m */; settings = {COMPILER_FLAGS = "-fno-objc-arc"; }; };
		B58B951E14A343740062509D /* ASINetworkQueue.m in Sources */ = {isa = PBXBuildFile; fileRef = B58B951514A343740062509D /* ASINetworkQueue.m */; settings = {COMPILER_FLAGS = "-fno-objc-arc"; }; };
		B5951A7914844AA000DC1312 /* UIKit.framework in Frameworks */ = {isa = PBXBuildFile; fileRef = B5951A7814844AA000DC1312 /* UIKit.framework */; };
		B5951A7B14844AA000DC1312 /* Foundation.framework in Frameworks */ = {isa = PBXBuildFile; fileRef = B5951A7A14844AA000DC1312 /* Foundation.framework */; };
		B5951A7D14844AA000DC1312 /* CoreGraphics.framework in Frameworks */ = {isa = PBXBuildFile; fileRef = B5951A7C14844AA000DC1312 /* CoreGraphics.framework */; };
		B5951A8314844AA000DC1312 /* InfoPlist.strings in Resources */ = {isa = PBXBuildFile; fileRef = B5951A8114844AA000DC1312 /* InfoPlist.strings */; };
		B5951A8514844AA000DC1312 /* main.m in Sources */ = {isa = PBXBuildFile; fileRef = B5951A8414844AA000DC1312 /* main.m */; };
		B5951A8914844AA000DC1312 /* AppDelegate.m in Sources */ = {isa = PBXBuildFile; fileRef = B5951A8814844AA000DC1312 /* AppDelegate.m */; };
		B5951A9314844AA000DC1312 /* SecondViewController.m in Sources */ = {isa = PBXBuildFile; fileRef = B5951A9214844AA000DC1312 /* SecondViewController.m */; };
		B5951A9D14844AA000DC1312 /* SecondViewController.xib in Resources */ = {isa = PBXBuildFile; fileRef = B5951A9B14844AA000DC1312 /* SecondViewController.xib */; };
		B5951AA514844AA000DC1312 /* SenTestingKit.framework in Frameworks */ = {isa = PBXBuildFile; fileRef = B5951AA414844AA000DC1312 /* SenTestingKit.framework */; };
		B5951AA614844AA000DC1312 /* UIKit.framework in Frameworks */ = {isa = PBXBuildFile; fileRef = B5951A7814844AA000DC1312 /* UIKit.framework */; };
		B5951AA714844AA000DC1312 /* Foundation.framework in Frameworks */ = {isa = PBXBuildFile; fileRef = B5951A7A14844AA000DC1312 /* Foundation.framework */; };
		B5951AAF14844AA000DC1312 /* InfoPlist.strings in Resources */ = {isa = PBXBuildFile; fileRef = B5951AAD14844AA000DC1312 /* InfoPlist.strings */; };
		B5951AB214844AA100DC1312 /* Air21Tests.m in Sources */ = {isa = PBXBuildFile; fileRef = B5951AB114844AA100DC1312 /* Air21Tests.m */; };
		B59DC58714F73CF0001E960A /* buttons-info2.png in Resources */ = {isa = PBXBuildFile; fileRef = B59DC58514F73CF0001E960A /* buttons-info2.png */; };
		B59DC58814F73CF0001E960A /* buttons_track.png in Resources */ = {isa = PBXBuildFile; fileRef = B59DC58614F73CF0001E960A /* buttons_track.png */; };
		B59DC59614FACF84001E960A /* Attrib.txt in Resources */ = {isa = PBXBuildFile; fileRef = B59DC59514FACF84001E960A /* Attrib.txt */; };
		B59FA03914A3F82A00251A11 /* CFNetwork.framework in Frameworks */ = {isa = PBXBuildFile; fileRef = B59FA03814A3F82A00251A11 /* CFNetwork.framework */; };
		B59FA03B14A3F84200251A11 /* SystemConfiguration.framework in Frameworks */ = {isa = PBXBuildFile; fileRef = B59FA03A14A3F84200251A11 /* SystemConfiguration.framework */; };
		B59FA03D14A3F85100251A11 /* MobileCoreServices.framework in Frameworks */ = {isa = PBXBuildFile; fileRef = B59FA03C14A3F85100251A11 /* MobileCoreServices.framework */; };
		B59FA03F14A3F87B00251A11 /* libz.1.2.5.dylib in Frameworks */ = {isa = PBXBuildFile; fileRef = B59FA03E14A3F87B00251A11 /* libz.1.2.5.dylib */; };
		B59FA04314A3FAAB00251A11 /* Reachability.m in Sources */ = {isa = PBXBuildFile; fileRef = B59FA04214A3FAAB00251A11 /* Reachability.m */; settings = {COMPILER_FLAGS = "-fno-objc-arc"; }; };
		B5CD65BC14FC6CE900C6963F /* shipmenttracking.png in Resources */ = {isa = PBXBuildFile; fileRef = B5CD65BB14FC6CE900C6963F /* shipmenttracking.png */; };
		B5DE65F414FC943800338BE7 /* air21_hotlines.png in Resources */ = {isa = PBXBuildFile; fileRef = B5DE65F314FC943800338BE7 /* air21_hotlines.png */; };
		B5F483A314BC3C4D00A072D9 /* Icon.png in Resources */ = {isa = PBXBuildFile; fileRef = B5F483A214BC3C4D00A072D9 /* Icon.png */; };
		B5F51AEB14A063EF00A5E4EA /* logo.png in Resources */ = {isa = PBXBuildFile; fileRef = B5F51AE814A063EF00A5E4EA /* logo.png */; };
		B5F9EFF414B82E2500E92D6F /* AboutViewController.m in Sources */ = {isa = PBXBuildFile; fileRef = B5F9EFF214B82E2500E92D6F /* AboutViewController.m */; };
		B5F9EFF514B82E2500E92D6F /* AboutViewController.xib in Resources */ = {isa = PBXBuildFile; fileRef = B5F9EFF314B82E2500E92D6F /* AboutViewController.xib */; };
/* End PBXBuildFile section */

/* Begin PBXContainerItemProxy section */
		B5951AA814844AA000DC1312 /* PBXContainerItemProxy */ = {
			isa = PBXContainerItemProxy;
			containerPortal = B5951A6B14844AA000DC1312 /* Project object */;
			proxyType = 1;
			remoteGlobalIDString = B5951A7314844AA000DC1312;
			remoteInfo = Air21;
		};
/* End PBXContainerItemProxy section */

/* Begin PBXFileReference section */
		B51BE31214FB691A0088B523 /* Icon@2x.png */ = {isa = PBXFileReference; lastKnownFileType = image.png; path = "Icon@2x.png"; sourceTree = "<group>"; };
		B56E5C271499B66700497824 /* DetailViewController.h */ = {isa = PBXFileReference; fileEncoding = 4; lastKnownFileType = sourcecode.c.h; path = DetailViewController.h; sourceTree = "<group>"; };
		B56E5C281499B68700497824 /* DetailViewController.m */ = {isa = PBXFileReference; fileEncoding = 4; lastKnownFileType = sourcecode.c.objc; path = DetailViewController.m; sourceTree = "<group>"; };
		B56E5C2A1499B6B700497824 /* DetailView.xib */ = {isa = PBXFileReference; fileEncoding = 4; lastKnownFileType = file.xib; path = DetailView.xib; sourceTree = "<group>"; };
		B572A2CC14FF746F007D8C95 /* bg.jpg */ = {isa = PBXFileReference; lastKnownFileType = image.jpeg; path = bg.jpg; sourceTree = "<group>"; };
		B57C1D4B150AC6360081E305 /* mwl.jpg */ = {isa = PBXFileReference; lastKnownFileType = image.jpeg; path = mwl.jpg; sourceTree = "<group>"; };
		B58B94FA14A337580062509D /* MBProgressHUD.h */ = {isa = PBXFileReference; fileEncoding = 4; lastKnownFileType = sourcecode.c.h; path = MBProgressHUD.h; sourceTree = "<group>"; };
		B58B94FB14A337580062509D /* MBProgressHUD.m */ = {isa = PBXFileReference; fileEncoding = 4; lastKnownFileType = sourcecode.c.objc; path = MBProgressHUD.m; sourceTree = "<group>"; };
		B58B950314A343730062509D /* ASIAuthenticationDialog.h */ = {isa = PBXFileReference; fileEncoding = 4; lastKnownFileType = sourcecode.c.h; name = ASIAuthenticationDialog.h; path = Air21/ASIHTTPRequest/ASIAuthenticationDialog.h; sourceTree = "<group>"; };
		B58B950414A343730062509D /* ASIAuthenticationDialog.m */ = {isa = PBXFileReference; fileEncoding = 4; lastKnownFileType = sourcecode.c.objc; name = ASIAuthenticationDialog.m; path = Air21/ASIHTTPRequest/ASIAuthenticationDialog.m; sourceTree = "<group>"; };
		B58B950514A343730062509D /* ASICacheDelegate.h */ = {isa = PBXFileReference; fileEncoding = 4; lastKnownFileType = sourcecode.c.h; name = ASICacheDelegate.h; path = Air21/ASIHTTPRequest/ASICacheDelegate.h; sourceTree = "<group>"; };
		B58B950614A343730062509D /* ASIDataCompressor.h */ = {isa = PBXFileReference; fileEncoding = 4; lastKnownFileType = sourcecode.c.h; name = ASIDataCompressor.h; path = Air21/ASIHTTPRequest/ASIDataCompressor.h; sourceTree = "<group>"; };
		B58B950714A343730062509D /* ASIDataCompressor.m */ = {isa = PBXFileReference; fileEncoding = 4; lastKnownFileType = sourcecode.c.objc; name = ASIDataCompressor.m; path = Air21/ASIHTTPRequest/ASIDataCompressor.m; sourceTree = "<group>"; };
		B58B950814A343740062509D /* ASIDataDecompressor.h */ = {isa = PBXFileReference; fileEncoding = 4; lastKnownFileType = sourcecode.c.h; name = ASIDataDecompressor.h; path = Air21/ASIHTTPRequest/ASIDataDecompressor.h; sourceTree = "<group>"; };
		B58B950914A343740062509D /* ASIDataDecompressor.m */ = {isa = PBXFileReference; fileEncoding = 4; lastKnownFileType = sourcecode.c.objc; name = ASIDataDecompressor.m; path = Air21/ASIHTTPRequest/ASIDataDecompressor.m; sourceTree = "<group>"; };
		B58B950A14A343740062509D /* ASIDownloadCache.h */ = {isa = PBXFileReference; fileEncoding = 4; lastKnownFileType = sourcecode.c.h; name = ASIDownloadCache.h; path = Air21/ASIHTTPRequest/ASIDownloadCache.h; sourceTree = "<group>"; };
		B58B950B14A343740062509D /* ASIDownloadCache.m */ = {isa = PBXFileReference; fileEncoding = 4; lastKnownFileType = sourcecode.c.objc; name = ASIDownloadCache.m; path = Air21/ASIHTTPRequest/ASIDownloadCache.m; sourceTree = "<group>"; };
		B58B950C14A343740062509D /* ASIFormDataRequest.h */ = {isa = PBXFileReference; fileEncoding = 4; lastKnownFileType = sourcecode.c.h; name = ASIFormDataRequest.h; path = Air21/ASIHTTPRequest/ASIFormDataRequest.h; sourceTree = "<group>"; };
		B58B950D14A343740062509D /* ASIFormDataRequest.m */ = {isa = PBXFileReference; fileEncoding = 4; lastKnownFileType = sourcecode.c.objc; name = ASIFormDataRequest.m; path = Air21/ASIHTTPRequest/ASIFormDataRequest.m; sourceTree = "<group>"; };
		B58B950E14A343740062509D /* ASIHTTPRequest.h */ = {isa = PBXFileReference; fileEncoding = 4; lastKnownFileType = sourcecode.c.h; name = ASIHTTPRequest.h; path = Air21/ASIHTTPRequest/ASIHTTPRequest.h; sourceTree = "<group>"; };
		B58B950F14A343740062509D /* ASIHTTPRequest.m */ = {isa = PBXFileReference; fileEncoding = 4; lastKnownFileType = sourcecode.c.objc; name = ASIHTTPRequest.m; path = Air21/ASIHTTPRequest/ASIHTTPRequest.m; sourceTree = "<group>"; };
		B58B951014A343740062509D /* ASIHTTPRequestConfig.h */ = {isa = PBXFileReference; fileEncoding = 4; lastKnownFileType = sourcecode.c.h; name = ASIHTTPRequestConfig.h; path = Air21/ASIHTTPRequest/ASIHTTPRequestConfig.h; sourceTree = "<group>"; };
		B58B951114A343740062509D /* ASIHTTPRequestDelegate.h */ = {isa = PBXFileReference; fileEncoding = 4; lastKnownFileType = sourcecode.c.h; name = ASIHTTPRequestDelegate.h; path = Air21/ASIHTTPRequest/ASIHTTPRequestDelegate.h; sourceTree = "<group>"; };
		B58B951214A343740062509D /* ASIInputStream.h */ = {isa = PBXFileReference; fileEncoding = 4; lastKnownFileType = sourcecode.c.h; name = ASIInputStream.h; path = Air21/ASIHTTPRequest/ASIInputStream.h; sourceTree = "<group>"; };
		B58B951314A343740062509D /* ASIInputStream.m */ = {isa = PBXFileReference; fileEncoding = 4; lastKnownFileType = sourcecode.c.objc; name = ASIInputStream.m; path = Air21/ASIHTTPRequest/ASIInputStream.m; sourceTree = "<group>"; };
		B58B951414A343740062509D /* ASINetworkQueue.h */ = {isa = PBXFileReference; fileEncoding = 4; lastKnownFileType = sourcecode.c.h; name = ASINetworkQueue.h; path = Air21/ASIHTTPRequest/ASINetworkQueue.h; sourceTree = "<group>"; };
		B58B951514A343740062509D /* ASINetworkQueue.m */ = {isa = PBXFileReference; fileEncoding = 4; lastKnownFileType = sourcecode.c.objc; name = ASINetworkQueue.m; path = Air21/ASIHTTPRequest/ASINetworkQueue.m; sourceTree = "<group>"; };
		B58B951614A343740062509D /* ASIProgressDelegate.h */ = {isa = PBXFileReference; fileEncoding = 4; lastKnownFileType = sourcecode.c.h; name = ASIProgressDelegate.h; path = Air21/ASIHTTPRequest/ASIProgressDelegate.h; sourceTree = "<group>"; };
		B5951A7414844AA000DC1312 /* Air21.app */ = {isa = PBXFileReference; explicitFileType = wrapper.application; includeInIndex = 0; path = Air21.app; sourceTree = BUILT_PRODUCTS_DIR; };
		B5951A7814844AA000DC1312 /* UIKit.framework */ = {isa = PBXFileReference; lastKnownFileType = wrapper.framework; name = UIKit.framework; path = System/Library/Frameworks/UIKit.framework; sourceTree = SDKROOT; };
		B5951A7A14844AA000DC1312 /* Foundation.framework */ = {isa = PBXFileReference; lastKnownFileType = wrapper.framework; name = Foundation.framework; path = System/Library/Frameworks/Foundation.framework; sourceTree = SDKROOT; };
		B5951A7C14844AA000DC1312 /* CoreGraphics.framework */ = {isa = PBXFileReference; lastKnownFileType = wrapper.framework; name = CoreGraphics.framework; path = System/Library/Frameworks/CoreGraphics.framework; sourceTree = SDKROOT; };
		B5951A8014844AA000DC1312 /* Air21-Info.plist */ = {isa = PBXFileReference; lastKnownFileType = text.plist.xml; path = "Air21-Info.plist"; sourceTree = "<group>"; };
		B5951A8214844AA000DC1312 /* en */ = {isa = PBXFileReference; lastKnownFileType = text.plist.strings; name = en; path = en.lproj/InfoPlist.strings; sourceTree = "<group>"; };
		B5951A8414844AA000DC1312 /* main.m */ = {isa = PBXFileReference; lastKnownFileType = sourcecode.c.objc; path = main.m; sourceTree = "<group>"; };
		B5951A8614844AA000DC1312 /* Air21-Prefix.pch */ = {isa = PBXFileReference; lastKnownFileType = sourcecode.c.h; path = "Air21-Prefix.pch"; sourceTree = "<group>"; };
		B5951A8714844AA000DC1312 /* AppDelegate.h */ = {isa = PBXFileReference; lastKnownFileType = sourcecode.c.h; path = AppDelegate.h; sourceTree = "<group>"; };
		B5951A8814844AA000DC1312 /* AppDelegate.m */ = {isa = PBXFileReference; lastKnownFileType = sourcecode.c.objc; path = AppDelegate.m; sourceTree = "<group>"; };
		B5951A9114844AA000DC1312 /* SecondViewController.h */ = {isa = PBXFileReference; lastKnownFileType = sourcecode.c.h; path = SecondViewController.h; sourceTree = "<group>"; };
		B5951A9214844AA000DC1312 /* SecondViewController.m */ = {isa = PBXFileReference; lastKnownFileType = sourcecode.c.objc; path = SecondViewController.m; sourceTree = "<group>"; };
		B5951A9C14844AA000DC1312 /* en */ = {isa = PBXFileReference; lastKnownFileType = file.xib; name = en; path = en.lproj/SecondViewController.xib; sourceTree = "<group>"; };
		B5951AA314844AA000DC1312 /* Air21Tests.octest */ = {isa = PBXFileReference; explicitFileType = wrapper.cfbundle; includeInIndex = 0; path = Air21Tests.octest; sourceTree = BUILT_PRODUCTS_DIR; };
		B5951AA414844AA000DC1312 /* SenTestingKit.framework */ = {isa = PBXFileReference; lastKnownFileType = wrapper.framework; name = SenTestingKit.framework; path = Library/Frameworks/SenTestingKit.framework; sourceTree = DEVELOPER_DIR; };
		B5951AAC14844AA000DC1312 /* Air21Tests-Info.plist */ = {isa = PBXFileReference; lastKnownFileType = text.plist.xml; path = "Air21Tests-Info.plist"; sourceTree = "<group>"; };
		B5951AAE14844AA000DC1312 /* en */ = {isa = PBXFileReference; lastKnownFileType = text.plist.strings; name = en; path = en.lproj/InfoPlist.strings; sourceTree = "<group>"; };
		B5951AB014844AA100DC1312 /* Air21Tests.h */ = {isa = PBXFileReference; lastKnownFileType = sourcecode.c.h; path = Air21Tests.h; sourceTree = "<group>"; };
		B5951AB114844AA100DC1312 /* Air21Tests.m */ = {isa = PBXFileReference; lastKnownFileType = sourcecode.c.objc; path = Air21Tests.m; sourceTree = "<group>"; };
		B59DC58514F73CF0001E960A /* buttons-info2.png */ = {isa = PBXFileReference; lastKnownFileType = image.png; path = "buttons-info2.png"; sourceTree = "<group>"; };
		B59DC58614F73CF0001E960A /* buttons_track.png */ = {isa = PBXFileReference; lastKnownFileType = image.png; path = buttons_track.png; sourceTree = "<group>"; };
		B59DC59514FACF84001E960A /* Attrib.txt */ = {isa = PBXFileReference; fileEncoding = 4; lastKnownFileType = text; path = Attrib.txt; sourceTree = "<group>"; };
		B59FA03814A3F82A00251A11 /* CFNetwork.framework */ = {isa = PBXFileReference; lastKnownFileType = wrapper.framework; name = CFNetwork.framework; path = System/Library/Frameworks/CFNetwork.framework; sourceTree = SDKROOT; };
		B59FA03A14A3F84200251A11 /* SystemConfiguration.framework */ = {isa = PBXFileReference; lastKnownFileType = wrapper.framework; name = SystemConfiguration.framework; path = System/Library/Frameworks/SystemConfiguration.framework; sourceTree = SDKROOT; };
		B59FA03C14A3F85100251A11 /* MobileCoreServices.framework */ = {isa = PBXFileReference; lastKnownFileType = wrapper.framework; name = MobileCoreServices.framework; path = System/Library/Frameworks/MobileCoreServices.framework; sourceTree = SDKROOT; };
		B59FA03E14A3F87B00251A11 /* libz.1.2.5.dylib */ = {isa = PBXFileReference; lastKnownFileType = "compiled.mach-o.dylib"; name = libz.1.2.5.dylib; path = usr/lib/libz.1.2.5.dylib; sourceTree = SDKROOT; };
		B59FA04114A3FAAB00251A11 /* Reachability.h */ = {isa = PBXFileReference; fileEncoding = 4; lastKnownFileType = sourcecode.c.h; name = Reachability.h; path = Air21/ASIHTTPRequest/Reachability.h; sourceTree = "<group>"; };
		B59FA04214A3FAAB00251A11 /* Reachability.m */ = {isa = PBXFileReference; fileEncoding = 4; lastKnownFileType = sourcecode.c.objc; name = Reachability.m; path = Air21/ASIHTTPRequest/Reachability.m; sourceTree = "<group>"; };
		B5CD65BB14FC6CE900C6963F /* shipmenttracking.png */ = {isa = PBXFileReference; lastKnownFileType = image.png; path = shipmenttracking.png; sourceTree = "<group>"; };
		B5DE65F314FC943800338BE7 /* air21_hotlines.png */ = {isa = PBXFileReference; lastKnownFileType = image.png; path = air21_hotlines.png; sourceTree = "<group>"; };
		B5F483A214BC3C4D00A072D9 /* Icon.png */ = {isa = PBXFileReference; lastKnownFileType = image.png; path = Icon.png; sourceTree = "<group>"; };
		B5F51AE814A063EF00A5E4EA /* logo.png */ = {isa = PBXFileReference; lastKnownFileType = image.png; path = logo.png; sourceTree = "<group>"; };
		B5F9EFF114B82E2500E92D6F /* AboutViewController.h */ = {isa = PBXFileReference; fileEncoding = 4; lastKnownFileType = sourcecode.c.h; path = AboutViewController.h; sourceTree = "<group>"; };
		B5F9EFF214B82E2500E92D6F /* AboutViewController.m */ = {isa = PBXFileReference; fileEncoding = 4; lastKnownFileType = sourcecode.c.objc; path = AboutViewController.m; sourceTree = "<group>"; };
		B5F9EFF314B82E2500E92D6F /* AboutViewController.xib */ = {isa = PBXFileReference; fileEncoding = 4; lastKnownFileType = file.xib; path = AboutViewController.xib; sourceTree = "<group>"; };
/* End PBXFileReference section */

/* Begin PBXFrameworksBuildPhase section */
		B5951A7114844AA000DC1312 /* Frameworks */ = {
			isa = PBXFrameworksBuildPhase;
			buildActionMask = 2147483647;
			files = (
				B59FA03F14A3F87B00251A11 /* libz.1.2.5.dylib in Frameworks */,
				B59FA03D14A3F85100251A11 /* MobileCoreServices.framework in Frameworks */,
				B59FA03B14A3F84200251A11 /* SystemConfiguration.framework in Frameworks */,
				B59FA03914A3F82A00251A11 /* CFNetwork.framework in Frameworks */,
				B5951A7914844AA000DC1312 /* UIKit.framework in Frameworks */,
				B5951A7B14844AA000DC1312 /* Foundation.framework in Frameworks */,
				B5951A7D14844AA000DC1312 /* CoreGraphics.framework in Frameworks */,
			);
			runOnlyForDeploymentPostprocessing = 0;
		};
		B5951A9F14844AA000DC1312 /* Frameworks */ = {
			isa = PBXFrameworksBuildPhase;
			buildActionMask = 2147483647;
			files = (
				B5951AA514844AA000DC1312 /* SenTestingKit.framework in Frameworks */,
				B5951AA614844AA000DC1312 /* UIKit.framework in Frameworks */,
				B5951AA714844AA000DC1312 /* Foundation.framework in Frameworks */,
			);
			runOnlyForDeploymentPostprocessing = 0;
		};
/* End PBXFrameworksBuildPhase section */

/* Begin PBXGroup section */
		B58B950214A342470062509D /* ASIHTTPRequest */ = {
			isa = PBXGroup;
			children = (
				B59FA04114A3FAAB00251A11 /* Reachability.h */,
				B59FA04214A3FAAB00251A11 /* Reachability.m */,
				B58B950314A343730062509D /* ASIAuthenticationDialog.h */,
				B58B950414A343730062509D /* ASIAuthenticationDialog.m */,
				B58B950514A343730062509D /* ASICacheDelegate.h */,
				B58B950614A343730062509D /* ASIDataCompressor.h */,
				B58B950714A343730062509D /* ASIDataCompressor.m */,
				B58B950814A343740062509D /* ASIDataDecompressor.h */,
				B58B950914A343740062509D /* ASIDataDecompressor.m */,
				B58B950A14A343740062509D /* ASIDownloadCache.h */,
				B58B950B14A343740062509D /* ASIDownloadCache.m */,
				B58B950C14A343740062509D /* ASIFormDataRequest.h */,
				B58B950D14A343740062509D /* ASIFormDataRequest.m */,
				B58B950E14A343740062509D /* ASIHTTPRequest.h */,
				B58B950F14A343740062509D /* ASIHTTPRequest.m */,
				B58B951014A343740062509D /* ASIHTTPRequestConfig.h */,
				B58B951114A343740062509D /* ASIHTTPRequestDelegate.h */,
				B58B951214A343740062509D /* ASIInputStream.h */,
				B58B951314A343740062509D /* ASIInputStream.m */,
				B58B951414A343740062509D /* ASINetworkQueue.h */,
				B58B951514A343740062509D /* ASINetworkQueue.m */,
				B58B951614A343740062509D /* ASIProgressDelegate.h */,
			);
			name = ASIHTTPRequest;
			sourceTree = "<group>";
		};
		B5951A6914844AA000DC1312 = {
			isa = PBXGroup;
			children = (
				B58B950214A342470062509D /* ASIHTTPRequest */,
				B5951B851486166200DC1312 /* Images */,
				B5951A7E14844AA000DC1312 /* Air21 */,
				B5951AAA14844AA000DC1312 /* Air21Tests */,
				B5951A7714844AA000DC1312 /* Frameworks */,
				B5951A7514844AA000DC1312 /* Products */,
			);
			sourceTree = "<group>";
		};
		B5951A7514844AA000DC1312 /* Products */ = {
			isa = PBXGroup;
			children = (
				B5951A7414844AA000DC1312 /* Air21.app */,
				B5951AA314844AA000DC1312 /* Air21Tests.octest */,
			);
			name = Products;
			sourceTree = "<group>";
		};
		B5951A7714844AA000DC1312 /* Frameworks */ = {
			isa = PBXGroup;
			children = (
				B59FA03E14A3F87B00251A11 /* libz.1.2.5.dylib */,
				B59FA03C14A3F85100251A11 /* MobileCoreServices.framework */,
				B59FA03A14A3F84200251A11 /* SystemConfiguration.framework */,
				B59FA03814A3F82A00251A11 /* CFNetwork.framework */,
				B5951A7814844AA000DC1312 /* UIKit.framework */,
				B5951A7A14844AA000DC1312 /* Foundation.framework */,
				B5951A7C14844AA000DC1312 /* CoreGraphics.framework */,
				B5951AA414844AA000DC1312 /* SenTestingKit.framework */,
			);
			name = Frameworks;
			sourceTree = "<group>";
		};
		B5951A7E14844AA000DC1312 /* Air21 */ = {
			isa = PBXGroup;
			children = (
				B58B94FA14A337580062509D /* MBProgressHUD.h */,
				B58B94FB14A337580062509D /* MBProgressHUD.m */,
				B5951A8714844AA000DC1312 /* AppDelegate.h */,
				B5951A8814844AA000DC1312 /* AppDelegate.m */,
				B56E5C271499B66700497824 /* DetailViewController.h */,
				B56E5C281499B68700497824 /* DetailViewController.m */,
				B5951A9114844AA000DC1312 /* SecondViewController.h */,
				B5951A9214844AA000DC1312 /* SecondViewController.m */,
				B5F9EFF114B82E2500E92D6F /* AboutViewController.h */,
				B5F9EFF214B82E2500E92D6F /* AboutViewController.m */,
				B5F9EFF314B82E2500E92D6F /* AboutViewController.xib */,
				B56E5C2A1499B6B700497824 /* DetailView.xib */,
				B5951A9B14844AA000DC1312 /* SecondViewController.xib */,
				B5951A7F14844AA000DC1312 /* Supporting Files */,
			);
			path = Air21;
			sourceTree = "<group>";
		};
		B5951A7F14844AA000DC1312 /* Supporting Files */ = {
			isa = PBXGroup;
			children = (
				B5951A8014844AA000DC1312 /* Air21-Info.plist */,
				B5951A8114844AA000DC1312 /* InfoPlist.strings */,
				B5951A8414844AA000DC1312 /* main.m */,
				B5951A8614844AA000DC1312 /* Air21-Prefix.pch */,
			);
			name = "Supporting Files";
			sourceTree = "<group>";
		};
		B5951AAA14844AA000DC1312 /* Air21Tests */ = {
			isa = PBXGroup;
			children = (
				B5951AB014844AA100DC1312 /* Air21Tests.h */,
				B5951AB114844AA100DC1312 /* Air21Tests.m */,
				B5951AAB14844AA000DC1312 /* Supporting Files */,
			);
			path = Air21Tests;
			sourceTree = "<group>";
		};
		B5951AAB14844AA000DC1312 /* Supporting Files */ = {
			isa = PBXGroup;
			children = (
				B5951AAC14844AA000DC1312 /* Air21Tests-Info.plist */,
				B5951AAD14844AA000DC1312 /* InfoPlist.strings */,
			);
			name = "Supporting Files";
			sourceTree = "<group>";
		};
		B5951B851486166200DC1312 /* Images */ = {
			isa = PBXGroup;
			children = (
				B57C1D4B150AC6360081E305 /* mwl.jpg */,
				B572A2CC14FF746F007D8C95 /* bg.jpg */,
				B5DE65F314FC943800338BE7 /* air21_hotlines.png */,
				B5CD65BB14FC6CE900C6963F /* shipmenttracking.png */,
				B51BE31214FB691A0088B523 /* Icon@2x.png */,
				B59DC59514FACF84001E960A /* Attrib.txt */,
				B59DC58514F73CF0001E960A /* buttons-info2.png */,
				B59DC58614F73CF0001E960A /* buttons_track.png */,
				B5F483A214BC3C4D00A072D9 /* Icon.png */,
				B5F51AE814A063EF00A5E4EA /* logo.png */,
			);
			path = Images;
			sourceTree = "<group>";
		};
/* End PBXGroup section */

/* Begin PBXNativeTarget section */
		B5951A7314844AA000DC1312 /* Air21 */ = {
			isa = PBXNativeTarget;
			buildConfigurationList = B5951AB514844AA100DC1312 /* Build configuration list for PBXNativeTarget "Air21" */;
			buildPhases = (
				B5951A7014844AA000DC1312 /* Sources */,
				B5951A7114844AA000DC1312 /* Frameworks */,
				B5951A7214844AA000DC1312 /* Resources */,
			);
			buildRules = (
			);
			dependencies = (
			);
			name = Air21;
			productName = Air21;
			productReference = B5951A7414844AA000DC1312 /* Air21.app */;
			productType = "com.apple.product-type.application";
		};
		B5951AA214844AA000DC1312 /* Air21Tests */ = {
			isa = PBXNativeTarget;
			buildConfigurationList = B5951AB814844AA100DC1312 /* Build configuration list for PBXNativeTarget "Air21Tests" */;
			buildPhases = (
				B5951A9E14844AA000DC1312 /* Sources */,
				B5951A9F14844AA000DC1312 /* Frameworks */,
				B5951AA014844AA000DC1312 /* Resources */,
				B5951AA114844AA000DC1312 /* ShellScript */,
			);
			buildRules = (
			);
			dependencies = (
				B5951AA914844AA000DC1312 /* PBXTargetDependency */,
			);
			name = Air21Tests;
			productName = Air21Tests;
			productReference = B5951AA314844AA000DC1312 /* Air21Tests.octest */;
			productType = "com.apple.product-type.bundle";
		};
/* End PBXNativeTarget section */

/* Begin PBXProject section */
		B5951A6B14844AA000DC1312 /* Project object */ = {
			isa = PBXProject;
			attributes = {
				LastUpgradeCheck = 0430;
				ORGANIZATIONNAME = SAS;
			};
			buildConfigurationList = B5951A6E14844AA000DC1312 /* Build configuration list for PBXProject "Air21" */;
			compatibilityVersion = "Xcode 3.2";
			developmentRegion = English;
			hasScannedForEncodings = 0;
			knownRegions = (
				en,
			);
			mainGroup = B5951A6914844AA000DC1312;
			productRefGroup = B5951A7514844AA000DC1312 /* Products */;
			projectDirPath = "";
			projectRoot = "";
			targets = (
				B5951A7314844AA000DC1312 /* Air21 */,
				B5951AA214844AA000DC1312 /* Air21Tests */,
			);
		};
/* End PBXProject section */

/* Begin PBXResourcesBuildPhase section */
		B5951A7214844AA000DC1312 /* Resources */ = {
			isa = PBXResourcesBuildPhase;
			buildActionMask = 2147483647;
			files = (
				B5951A8314844AA000DC1312 /* InfoPlist.strings in Resources */,
				B5951A9D14844AA000DC1312 /* SecondViewController.xib in Resources */,
				B56E5C2B1499B6B700497824 /* DetailView.xib in Resources */,
				B5F51AEB14A063EF00A5E4EA /* logo.png in Resources */,
				B5F9EFF514B82E2500E92D6F /* AboutViewController.xib in Resources */,
				B5F483A314BC3C4D00A072D9 /* Icon.png in Resources */,
				B59DC58714F73CF0001E960A /* buttons-info2.png in Resources */,
				B59DC58814F73CF0001E960A /* buttons_track.png in Resources */,
				B59DC59614FACF84001E960A /* Attrib.txt in Resources */,
				B51BE31314FB691A0088B523 /* Icon@2x.png in Resources */,
				B5CD65BC14FC6CE900C6963F /* shipmenttracking.png in Resources */,
				B5DE65F414FC943800338BE7 /* air21_hotlines.png in Resources */,
				B572A2CD14FF746F007D8C95 /* bg.jpg in Resources */,
				B57C1D4C150AC6360081E305 /* mwl.jpg in Resources */,
			);
			runOnlyForDeploymentPostprocessing = 0;
		};
		B5951AA014844AA000DC1312 /* Resources */ = {
			isa = PBXResourcesBuildPhase;
			buildActionMask = 2147483647;
			files = (
				B5951AAF14844AA000DC1312 /* InfoPlist.strings in Resources */,
			);
			runOnlyForDeploymentPostprocessing = 0;
		};
/* End PBXResourcesBuildPhase section */

/* Begin PBXShellScriptBuildPhase section */
		B5951AA114844AA000DC1312 /* ShellScript */ = {
			isa = PBXShellScriptBuildPhase;
			buildActionMask = 2147483647;
			files = (
			);
			inputPaths = (
			);
			outputPaths = (
			);
			runOnlyForDeploymentPostprocessing = 0;
			shellPath = /bin/sh;
			shellScript = "# Run the unit tests in this test bundle.\n\"${SYSTEM_DEVELOPER_DIR}/Tools/RunUnitTests\"\n";
		};
/* End PBXShellScriptBuildPhase section */

/* Begin PBXSourcesBuildPhase section */
		B5951A7014844AA000DC1312 /* Sources */ = {
			isa = PBXSourcesBuildPhase;
			buildActionMask = 2147483647;
			files = (
				B5951A8514844AA000DC1312 /* main.m in Sources */,
				B5951A8914844AA000DC1312 /* AppDelegate.m in Sources */,
				B5951A9314844AA000DC1312 /* SecondViewController.m in Sources */,
				B56E5C291499B68700497824 /* DetailViewController.m in Sources */,
				B58B94FC14A337580062509D /* MBProgressHUD.m in Sources */,
				B58B951714A343740062509D /* ASIAuthenticationDialog.m in Sources */,
				B58B951814A343740062509D /* ASIDataCompressor.m in Sources */,
				B58B951914A343740062509D /* ASIDataDecompressor.m in Sources */,
				B58B951A14A343740062509D /* ASIDownloadCache.m in Sources */,
				B58B951B14A343740062509D /* ASIFormDataRequest.m in Sources */,
				B58B951C14A343740062509D /* ASIHTTPRequest.m in Sources */,
				B58B951D14A343740062509D /* ASIInputStream.m in Sources */,
				B58B951E14A343740062509D /* ASINetworkQueue.m in Sources */,
				B59FA04314A3FAAB00251A11 /* Reachability.m in Sources */,
				B5F9EFF414B82E2500E92D6F /* AboutViewController.m in Sources */,
			);
			runOnlyForDeploymentPostprocessing = 0;
		};
		B5951A9E14844AA000DC1312 /* Sources */ = {
			isa = PBXSourcesBuildPhase;
			buildActionMask = 2147483647;
			files = (
				B5951AB214844AA100DC1312 /* Air21Tests.m in Sources */,
			);
			runOnlyForDeploymentPostprocessing = 0;
		};
/* End PBXSourcesBuildPhase section */

/* Begin PBXTargetDependency section */
		B5951AA914844AA000DC1312 /* PBXTargetDependency */ = {
			isa = PBXTargetDependency;
			target = B5951A7314844AA000DC1312 /* Air21 */;
			targetProxy = B5951AA814844AA000DC1312 /* PBXContainerItemProxy */;
		};
/* End PBXTargetDependency section */

/* Begin PBXVariantGroup section */
		B5951A8114844AA000DC1312 /* InfoPlist.strings */ = {
			isa = PBXVariantGroup;
			children = (
				B5951A8214844AA000DC1312 /* en */,
			);
			name = InfoPlist.strings;
			sourceTree = "<group>";
		};
		B5951A9B14844AA000DC1312 /* SecondViewController.xib */ = {
			isa = PBXVariantGroup;
			children = (
				B5951A9C14844AA000DC1312 /* en */,
			);
			name = SecondViewController.xib;
			sourceTree = "<group>";
		};
		B5951AAD14844AA000DC1312 /* InfoPlist.strings */ = {
			isa = PBXVariantGroup;
			children = (
				B5951AAE14844AA000DC1312 /* en */,
			);
			name = InfoPlist.strings;
			sourceTree = "<group>";
		};
/* End PBXVariantGroup section */

/* Begin XCBuildConfiguration section */
		B5951AB314844AA100DC1312 /* Debug */ = {
			isa = XCBuildConfiguration;
			buildSettings = {
				ALWAYS_SEARCH_USER_PATHS = NO;
				ARCHS = (
					armv7,
					armv6,
				);
				CLANG_ENABLE_OBJC_ARC = YES;
				CODE_SIGN_IDENTITY = "iPhone Developer";
				"CODE_SIGN_IDENTITY[sdk=iphoneos*]" = "iPhone Developer";
				COPY_PHASE_STRIP = NO;
				GCC_C_LANGUAGE_STANDARD = gnu99;
				GCC_DYNAMIC_NO_PIC = NO;
				GCC_OPTIMIZATION_LEVEL = 0;
				GCC_PREPROCESSOR_DEFINITIONS = (
					"DEBUG=1",
					"$(inherited)",
				);
				GCC_SYMBOLS_PRIVATE_EXTERN = NO;
				GCC_THUMB_SUPPORT = NO;
				GCC_VERSION = com.apple.compilers.llvm.clang.1_0;
				GCC_WARN_ABOUT_MISSING_PROTOTYPES = YES;
				GCC_WARN_ABOUT_RETURN_TYPE = YES;
				GCC_WARN_UNUSED_VARIABLE = YES;
				IPHONEOS_DEPLOYMENT_TARGET = 4.2;
				PROVISIONING_PROFILE = "";
				"PROVISIONING_PROFILE[sdk=iphoneos*]" = "";
				SDKROOT = iphoneos;
			};
			name = Debug;
		};
		B5951AB414844AA100DC1312 /* Release */ = {
			isa = XCBuildConfiguration;
			buildSettings = {
				ALWAYS_SEARCH_USER_PATHS = NO;
				ARCHS = (
					armv7,
					armv6,
				);
				CLANG_ENABLE_OBJC_ARC = YES;
				CODE_SIGN_IDENTITY = "iPhone Developer";
				"CODE_SIGN_IDENTITY[sdk=iphoneos*]" = "iPhone Developer";
				COPY_PHASE_STRIP = YES;
				GCC_C_LANGUAGE_STANDARD = gnu99;
				GCC_THUMB_SUPPORT = NO;
				GCC_VERSION = com.apple.compilers.llvm.clang.1_0;
				GCC_WARN_ABOUT_MISSING_PROTOTYPES = YES;
				GCC_WARN_ABOUT_RETURN_TYPE = YES;
				GCC_WARN_UNUSED_VARIABLE = YES;
				IPHONEOS_DEPLOYMENT_TARGET = 4.2;
				OTHER_CFLAGS = "-DNS_BLOCK_ASSERTIONS=1";
				PROVISIONING_PROFILE = "";
				"PROVISIONING_PROFILE[sdk=iphoneos*]" = "";
				SDKROOT = iphoneos;
				VALIDATE_PRODUCT = YES;
			};
			name = Release;
		};
		B5951AB614844AA100DC1312 /* Debug */ = {
			isa = XCBuildConfiguration;
			buildSettings = {
				CODE_SIGN_IDENTITY = "iPhone Developer";
				GCC_PRECOMPILE_PREFIX_HEADER = YES;
				GCC_PREFIX_HEADER = "Air21/Air21-Prefix.pch";
				GCC_THUMB_SUPPORT = NO;
				INFOPLIST_FILE = "Air21/Air21-Info.plist";
				IPHONEOS_DEPLOYMENT_TARGET = 4.0;
				PRODUCT_NAME = "$(TARGET_NAME)";
				PROVISIONING_PROFILE = "";
				WRAPPER_EXTENSION = app;
			};
			name = Debug;
		};
		B5951AB714844AA100DC1312 /* Release */ = {
			isa = XCBuildConfiguration;
			buildSettings = {
				CODE_SIGN_IDENTITY = "iPhone Distribution: Ben Cortez";
				GCC_PRECOMPILE_PREFIX_HEADER = YES;
				GCC_PREFIX_HEADER = "Air21/Air21-Prefix.pch";
				GCC_THUMB_SUPPORT = NO;
				INFOPLIST_FILE = "Air21/Air21-Info.plist";
				IPHONEOS_DEPLOYMENT_TARGET = 4.0;
				PRODUCT_NAME = "$(TARGET_NAME)";
				PROVISIONING_PROFILE = "525786BF-3A64-4852-AD18-1820B1F3285E";
				WRAPPER_EXTENSION = app;
			};
			name = Release;
		};
		B5951AB914844AA100DC1312 /* Debug */ = {
			isa = XCBuildConfiguration;
			buildSettings = {
				ARCHS = (
					armv6,
					armv7,
				);
				BUNDLE_LOADER = "$(BUILT_PRODUCTS_DIR)/Air21.app/Air21";
				FRAMEWORK_SEARCH_PATHS = (
					"$(SDKROOT)/Developer/Library/Frameworks",
					"$(DEVELOPER_LIBRARY_DIR)/Frameworks",
				);
				GCC_PRECOMPILE_PREFIX_HEADER = YES;
				GCC_PREFIX_HEADER = "Air21/Air21-Prefix.pch";
				GCC_THUMB_SUPPORT = NO;
				INFOPLIST_FILE = "Air21Tests/Air21Tests-Info.plist";
				IPHONEOS_DEPLOYMENT_TARGET = 4.2;
				PRODUCT_NAME = "$(TARGET_NAME)";
				TEST_HOST = "$(BUNDLE_LOADER)";
				WRAPPER_EXTENSION = octest;
			};
			name = Debug;
		};
		B5951ABA14844AA100DC1312 /* Release */ = {
			isa = XCBuildConfiguration;
			buildSettings = {
				ARCHS = (
					armv6,
					armv7,
				);
				BUNDLE_LOADER = "$(BUILT_PRODUCTS_DIR)/Air21.app/Air21";
				FRAMEWORK_SEARCH_PATHS = (
					"$(SDKROOT)/Developer/Library/Frameworks",
					"$(DEVELOPER_LIBRARY_DIR)/Frameworks",
				);
				GCC_PRECOMPILE_PREFIX_HEADER = YES;
				GCC_PREFIX_HEADER = "Air21/Air21-Prefix.pch";
				GCC_THUMB_SUPPORT = NO;
				INFOPLIST_FILE = "Air21Tests/Air21Tests-Info.plist";
				IPHONEOS_DEPLOYMENT_TARGET = 4.2;
				PRODUCT_NAME = "$(TARGET_NAME)";
				TEST_HOST = "$(BUNDLE_LOADER)";
				WRAPPER_EXTENSION = octest;
			};
			name = Release;
		};
/* End XCBuildConfiguration section */

/* Begin XCConfigurationList section */
		B5951A6E14844AA000DC1312 /* Build configuration list for PBXProject "Air21" */ = {
			isa = XCConfigurationList;
			buildConfigurations = (
				B5951AB314844AA100DC1312 /* Debug */,
				B5951AB414844AA100DC1312 /* Release */,
			);
			defaultConfigurationIsVisible = 0;
			defaultConfigurationName = Release;
		};
		B5951AB514844AA100DC1312 /* Build configuration list for PBXNativeTarget "Air21" */ = {
			isa = XCConfigurationList;
			buildConfigurations = (
				B5951AB614844AA100DC1312 /* Debug */,
				B5951AB714844AA100DC1312 /* Release */,
			);
			defaultConfigurationIsVisible = 0;
			defaultConfigurationName = Release;
		};
		B5951AB814844AA100DC1312 /* Build configuration list for PBXNativeTarget "Air21Tests" */ = {
			isa = XCConfigurationList;
			buildConfigurations = (
				B5951AB914844AA100DC1312 /* Debug */,
				B5951ABA14844AA100DC1312 /* Release */,
			);
			defaultConfigurationIsVisible = 0;
			defaultConfigurationName = Release;
		};
/* End XCConfigurationList section */
	};
	rootObject = B5951A6B14844AA000DC1312 /* Project object */;
}
